
Microsoft Visual Studio Solution File, Format Version 12.00
# Visual Studio Version 17
VisualStudioVersion = 17.0.32002.185
MinimumVisualStudioVersion = 10.0.40219.1
Project("{8BC9CEB8-8B4A-11D0-8D11-00A0C91BC942}") = "anemoi_v2", "anemoi_v2\anemoi_v2.vcxproj", "{6AF10271-5B91-45B7-811D-22F5C080B069}"
EndProject
Project("{C7167F0D-BC9F-4E6E-AFE1-012C56B48DB5}") = "anemoi_pkg", "anemoi_pkg\anemoi_pkg.wapproj", "{30802D3A-90BD-466F-97DA-44A93E30AD7E}"
EndProject
Global
	GlobalSection(SolutionConfigurationPlatforms) = preSolution
		Debug|Any CPU = Debug|Any CPU
		Debug|ARM = Debug|ARM
		Debug|ARM64 = Debug|ARM64
		Debug|x64 = Debug|x64
		Debug|x86 = Debug|x86
		Release|Any CPU = Release|Any CPU
		Release|ARM = Release|ARM
		Release|ARM64 = Release|ARM64
		Release|x64 = Release|x64
		Release|x86 = Release|x86
	EndGlobalSection
	GlobalSection(ProjectConfigurationPlatforms) = postSolution
		{6AF10271-5B91-45B7-811D-22F5C080B069}.Debug|Any CPU.ActiveCfg = Debug|x64
		{6AF10271-5B91-45B7-811D-22F5C080B069}.Debug|Any CPU.Build.0 = Debug|x64
		{6AF10271-5B91-45B7-811D-22F5C080B069}.Debug|Any CPU.Deploy.0 = Debug|x64
		{6AF10271-5B91-45B7-811D-22F5C080B069}.Debug|ARM.ActiveCfg = Debug|ARM
		{6AF10271-5B91-45B7-811D-22F5C080B069}.Debug|ARM.Build.0 = Debug|ARM
		{6AF10271-5B91-45B7-811D-22F5C080B069}.Debug|ARM.Deploy.0 = Debug|ARM
		{6AF10271-5B91-45B7-811D-22F5C080B069}.Debug|ARM64.ActiveCfg = Debug|ARM64
		{6AF10271-5B91-45B7-811D-22F5C080B069}.Debug|ARM64.Build.0 = Debug|ARM64
		{6AF10271-5B91-45B7-811D-22F5C080B069}.Debug|ARM64.Deploy.0 = Debug|ARM64
		{6AF10271-5B91-45B7-811D-22F5C080B069}.Debug|x64.ActiveCfg = Debug|x64
		{6AF10271-5B91-45B7-811D-22F5C080B069}.Debug|x64.Build.0 = Debug|x64
		{6AF10271-5B91-45B7-811D-22F5C080B069}.Debug|x64.Deploy.0 = Debug|x64
		{6AF10271-5B91-45B7-811D-22F5C080B069}.Debug|x86.ActiveCfg = Debug|Win32
		{6AF10271-5B91-45B7-811D-22F5C080B069}.Debug|x86.Build.0 = Debug|Win32
		{6AF10271-5B91-45B7-811D-22F5C080B069}.Debug|x86.Deploy.0 = Debug|Win32
		{6AF10271-5B91-45B7-811D-22F5C080B069}.Release|Any CPU.ActiveCfg = Release|x64
		{6AF10271-5B91-45B7-811D-22F5C080B069}.Release|Any CPU.Build.0 = Release|x64
		{6AF10271-5B91-45B7-811D-22F5C080B069}.Release|Any CPU.Deploy.0 = Release|x64
		{6AF10271-5B91-45B7-811D-22F5C080B069}.Release|ARM.ActiveCfg = Release|ARM
		{6AF10271-5B91-45B7-811D-22F5C080B069}.Release|ARM.Build.0 = Release|ARM
		{6AF10271-5B91-45B7-811D-22F5C080B069}.Release|ARM.Deploy.0 = Release|ARM
		{6AF10271-5B91-45B7-811D-22F5C080B069}.Release|ARM64.ActiveCfg = Release|ARM64
		{6AF10271-5B91-45B7-811D-22F5C080B069}.Release|ARM64.Build.0 = Release|ARM64
		{6AF10271-5B91-45B7-811D-22F5C080B069}.Release|ARM64.Deploy.0 = Release|ARM64
		{6AF10271-5B91-45B7-811D-22F5C080B069}.Release|x64.ActiveCfg = Release|x64
		{6AF10271-5B91-45B7-811D-22F5C080B069}.Release|x64.Build.0 = Release|x64
		{6AF10271-5B91-45B7-811D-22F5C080B069}.Release|x64.Deploy.0 = Release|x64
		{6AF10271-5B91-45B7-811D-22F5C080B069}.Release|x86.ActiveCfg = Release|Win32
		{6AF10271-5B91-45B7-811D-22F5C080B069}.Release|x86.Build.0 = Release|Win32
		{6AF10271-5B91-45B7-811D-22F5C080B069}.Release|x86.Deploy.0 = Release|Win32
		{30802D3A-90BD-466F-97DA-44A93E30AD7E}.Debug|Any CPU.ActiveCfg = Debug|Any CPU
		{30802D3A-90BD-466F-97DA-44A93E30AD7E}.Debug|Any CPU.Build.0 = Debug|Any CPU
		{30802D3A-90BD-466F-97DA-44A93E30AD7E}.Debug|Any CPU.Deploy.0 = Debug|Any CPU
		{30802D3A-90BD-466F-97DA-44A93E30AD7E}.Debug|ARM.ActiveCfg = Debug|ARM
		{30802D3A-90BD-466F-97DA-44A93E30AD7E}.Debug|ARM.Build.0 = Debug|ARM
		{30802D3A-90BD-466F-97DA-44A93E30AD7E}.Debug|ARM.Deploy.0 = Debug|ARM
		{30802D3A-90BD-466F-97DA-44A93E30AD7E}.Debug|ARM64.ActiveCfg = Debug|ARM64
		{30802D3A-90BD-466F-97DA-44A93E30AD7E}.Debug|ARM64.Build.0 = Debug|ARM64
		{30802D3A-90BD-466F-97DA-44A93E30AD7E}.Debug|ARM64.Deploy.0 = Debug|ARM64
		{30802D3A-90BD-466F-97DA-44A93E30AD7E}.Debug|x64.ActiveCfg = Debug|x64
		{30802D3A-90BD-466F-97DA-44A93E30AD7E}.Debug|x64.Build.0 = Debug|x64
		{30802D3A-90BD-466F-97DA-44A93E30AD7E}.Debug|x64.Deploy.0 = Debug|x64
		{30802D3A-90BD-466F-97DA-44A93E30AD7E}.Debug|x86.ActiveCfg = Debug|x86
		{30802D3A-90BD-466F-97DA-44A93E30AD7E}.Debug|x86.Build.0 = Debug|x86
		{30802D3A-90BD-466F-97DA-44A93E30AD7E}.Debug|x86.Deploy.0 = Debug|x86
		{30802D3A-90BD-466F-97DA-44A93E30AD7E}.Release|Any CPU.ActiveCfg = Release|Any CPU
		{30802D3A-90BD-466F-97DA-44A93E30AD7E}.Release|Any CPU.Build.0 = Release|Any CPU
		{30802D3A-90BD-466F-97DA-44A93E30AD7E}.Release|Any CPU.Deploy.0 = Release|Any CPU
		{30802D3A-90BD-466F-97DA-44A93E30AD7E}.Release|ARM.ActiveCfg = Release|ARM
		{30802D3A-90BD-466F-97DA-44A93E30AD7E}.Release|ARM.Build.0 = Release|ARM
		{30802D3A-90BD-466F-97DA-44A93E30AD7E}.Release|ARM.Deploy.0 = Release|ARM
		{30802D3A-90BD-466F-97DA-44A93E30AD7E}.Release|ARM64.ActiveCfg = Release|ARM64
		{30802D3A-90BD-466F-97DA-44A93E30AD7E}.Release|ARM64.Build.0 = Release|ARM64
		{30802D3A-90BD-466F-97DA-44A93E30AD7E}.Release|ARM64.Deploy.0 = Release|ARM64
		{30802D3A-90BD-466F-97DA-44A93E30AD7E}.Release|x64.ActiveCfg = Release|x64
		{30802D3A-90BD-466F-97DA-44A93E30AD7E}.Release|x64.Build.0 = Release|x64
		{30802D3A-90BD-466F-97DA-44A93E30AD7E}.Release|x64.Deploy.0 = Release|x64
		{30802D3A-90BD-466F-97DA-44A93E30AD7E}.Release|x86.ActiveCfg = Release|x86
		{30802D3A-90BD-466F-97DA-44A93E30AD7E}.Release|x86.Build.0 = Release|x86
		{30802D3A-90BD-466F-97DA-44A93E30AD7E}.Release|x86.Deploy.0 = Release|x86
	EndGlobalSection
	GlobalSection(SolutionProperties) = preSolution
		HideSolutionNode = FALSE
	EndGlobalSection
	GlobalSection(ExtensibilityGlobals) = postSolution
		SolutionGuid = {466FE52E-E8A8-483A-A982-93FC217D4380}
	EndGlobalSection
EndGlobal
